
Microsoft Visual Studio Solution File, Format Version 12.00
# Visual Studio Version 17
VisualStudioVersion = 17.14.37027.9
MinimumVisualStudioVersion = 10.0.40219.1
Project("{FAE04EC0-301F-11D3-BF4B-00C04F79EFBC}") = "OdrzavanjeVozila", "OdrzavanjeVozila.csproj", "{DD7A4D53-747B-4FCB-A118-1FCF2001B662}"
EndProject
Project("{FAE04EC0-301F-11D3-BF4B-00C04F79EFBC}") = "Vjezba.Model", "..\Vjezba.Model\Vjezba.Model.csproj", "{CCB72BED-18A2-4B4E-A785-A55F49BD6974}"
EndProject
Project("{FAE04EC0-301F-11D3-BF4B-00C04F79EFBC}") = "Vjezba.ConsoleApp", "..\Vjezba.ConsoleApp\Vjezba.ConsoleApp.csproj", "{0BBD54C2-FF54-41BC-9C7C-65315B9D1791}"
EndProject
Global
	GlobalSection(SolutionConfigurationPlatforms) = preSolution
		Debug|Any CPU = Debug|Any CPU
		Release|Any CPU = Release|Any CPU
	EndGlobalSection
	GlobalSection(ProjectConfigurationPlatforms) = postSolution
		{DD7A4D53-747B-4FCB-A118-1FCF2001B662}.Debug|Any CPU.ActiveCfg = Debug|Any CPU
		{DD7A4D53-747B-4FCB-A118-1FCF2001B662}.Debug|Any CPU.Build.0 = Debug|Any CPU
		{DD7A4D53-747B-4FCB-A118-1FCF2001B662}.Release|Any CPU.ActiveCfg = Release|Any CPU
		{DD7A4D53-747B-4FCB-A118-1FCF2001B662}.Release|Any CPU.Build.0 = Release|Any CPU
		{CCB72BED-18A2-4B4E-A785-A55F49BD6974}.Debug|Any CPU.ActiveCfg = Debug|Any CPU
		{CCB72BED-18A2-4B4E-A785-A55F49BD6974}.Debug|Any CPU.Build.0 = Debug|Any CPU
		{CCB72BED-18A2-4B4E-A785-A55F49BD6974}.Release|Any CPU.ActiveCfg = Release|Any CPU
		{CCB72BED-18A2-4B4E-A785-A55F49BD6974}.Release|Any CPU.Build.0 = Release|Any CPU
		{0BBD54C2-FF54-41BC-9C7C-65315B9D1791}.Debug|Any CPU.ActiveCfg = Debug|Any CPU
		{0BBD54C2-FF54-41BC-9C7C-65315B9D1791}.Debug|Any CPU.Build.0 = Debug|Any CPU
		{0BBD54C2-FF54-41BC-9C7C-65315B9D1791}.Release|Any CPU.ActiveCfg = Release|Any CPU
		{0BBD54C2-FF54-41BC-9C7C-65315B9D1791}.Release|Any CPU.Build.0 = Release|Any CPU
	EndGlobalSection
	GlobalSection(SolutionProperties) = preSolution
		HideSolutionNode = FALSE
	EndGlobalSection
	GlobalSection(ExtensibilityGlobals) = postSolution
		SolutionGuid = {21973ACE-1BC5-4AFE-9A17-A79E1B35FFFF}
	EndGlobalSection
EndGlobal
